
Microsoft Visual Studio Solution File, Format Version 12.00
# Visual Studio Version 17
VisualStudioVersion = 17.9.34723.18
MinimumVisualStudioVersion = 10.0.40219.1
Project("{FAE04EC0-301F-11D3-BF4B-00C04F79EFBC}") = "WebApplication2", "WebApplication2\WebApplication2.csproj", "{968CBF38-D7FD-4934-A87E-F4E9C2B6E816}"
EndProject
Project("{FAE04EC0-301F-11D3-BF4B-00C04F79EFBC}") = "NotificationWorker", "NotificationWorker\NotificationWorker.csproj", "{93746800-9F5A-4BBA-9467-5E194718BDCB}"
EndProject
Project("{FAE04EC0-301F-11D3-BF4B-00C04F79EFBC}") = "ActivityWorker", "ActivityWorker\ActivityWorker.csproj", "{058BD861-4514-4EEA-BBB2-6E95C441801F}"
EndProject
Global
	GlobalSection(SolutionConfigurationPlatforms) = preSolution
		Debug|Any CPU = Debug|Any CPU
		Release|Any CPU = Release|Any CPU
	EndGlobalSection
	GlobalSection(ProjectConfigurationPlatforms) = postSolution
		{968CBF38-D7FD-4934-A87E-F4E9C2B6E816}.Debug|Any CPU.ActiveCfg = Debug|Any CPU
		{968CBF38-D7FD-4934-A87E-F4E9C2B6E816}.Debug|Any CPU.Build.0 = Debug|Any CPU
		{968CBF38-D7FD-4934-A87E-F4E9C2B6E816}.Release|Any CPU.ActiveCfg = Release|Any CPU
		{968CBF38-D7FD-4934-A87E-F4E9C2B6E816}.Release|Any CPU.Build.0 = Release|Any CPU
		{93746800-9F5A-4BBA-9467-5E194718BDCB}.Debug|Any CPU.ActiveCfg = Debug|Any CPU
		{93746800-9F5A-4BBA-9467-5E194718BDCB}.Debug|Any CPU.Build.0 = Debug|Any CPU
		{93746800-9F5A-4BBA-9467-5E194718BDCB}.Release|Any CPU.ActiveCfg = Release|Any CPU
		{93746800-9F5A-4BBA-9467-5E194718BDCB}.Release|Any CPU.Build.0 = Release|Any CPU
		{058BD861-4514-4EEA-BBB2-6E95C441801F}.Debug|Any CPU.ActiveCfg = Debug|Any CPU
		{058BD861-4514-4EEA-BBB2-6E95C441801F}.Debug|Any CPU.Build.0 = Debug|Any CPU
		{058BD861-4514-4EEA-BBB2-6E95C441801F}.Release|Any CPU.ActiveCfg = Release|Any CPU
		{058BD861-4514-4EEA-BBB2-6E95C441801F}.Release|Any CPU.Build.0 = Release|Any CPU
	EndGlobalSection
	GlobalSection(SolutionProperties) = preSolution
		HideSolutionNode = FALSE
	EndGlobalSection
	GlobalSection(ExtensibilityGlobals) = postSolution
		SolutionGuid = {3112A348-BA3B-41F6-9B75-55F9385E4098}
	EndGlobalSection
EndGlobal
